
Microsoft Visual Studio Solution File, Format Version 12.00
# Visual Studio Version 17
VisualStudioVersion = 17.6.33723.286
MinimumVisualStudioVersion = 10.0.40219.1
Project("{9A19103F-16F7-4668-BE54-9A1E7A4F7556}") = "Task2", "Task2\Task2.csproj", "{EC9A8FAC-0371-437F-B13D-1E12441F215A}"
EndProject
Project("{FAE04EC0-301F-11D3-BF4B-00C04F79EFBC}") = "Task1", "Task1\Task1.csproj", "{88AF7508-35C0-48CF-9857-F15C4BDB01D1}"
EndProject
Global
	GlobalSection(SolutionConfigurationPlatforms) = preSolution
		Debug|Any CPU = Debug|Any CPU
		Release|Any CPU = Release|Any CPU
	EndGlobalSection
	GlobalSection(ProjectConfigurationPlatforms) = postSolution
		{EC9A8FAC-0371-437F-B13D-1E12441F215A}.Debug|Any CPU.ActiveCfg = Debug|Any CPU
		{EC9A8FAC-0371-437F-B13D-1E12441F215A}.Debug|Any CPU.Build.0 = Debug|Any CPU
		{EC9A8FAC-0371-437F-B13D-1E12441F215A}.Release|Any CPU.ActiveCfg = Release|Any CPU
		{EC9A8FAC-0371-437F-B13D-1E12441F215A}.Release|Any CPU.Build.0 = Release|Any CPU
		{88AF7508-35C0-48CF-9857-F15C4BDB01D1}.Debug|Any CPU.ActiveCfg = Debug|Any CPU
		{88AF7508-35C0-48CF-9857-F15C4BDB01D1}.Debug|Any CPU.Build.0 = Debug|Any CPU
		{88AF7508-35C0-48CF-9857-F15C4BDB01D1}.Release|Any CPU.ActiveCfg = Release|Any CPU
		{88AF7508-35C0-48CF-9857-F15C4BDB01D1}.Release|Any CPU.Build.0 = Release|Any CPU
	EndGlobalSection
	GlobalSection(SolutionProperties) = preSolution
		HideSolutionNode = FALSE
	EndGlobalSection
	GlobalSection(ExtensibilityGlobals) = postSolution
		SolutionGuid = {5CA3BE68-BFEA-47E3-8B44-AD1741E1D129}
	EndGlobalSection
EndGlobal
